
Microsoft Visual Studio Solution File, Format Version 12.00
# Visual Studio Version 16
VisualStudioVersion = 16.0.31424.327
MinimumVisualStudioVersion = 10.0.40219.1
Project("{FAE04EC0-301F-11D3-BF4B-00C04F79EFBC}") = "LoginESenha", "LoginESenha\LoginESenha.csproj", "{5AE25258-1E56-41F8-9E3E-CB3960467931}"
EndProject
Global
	GlobalSection(SolutionConfigurationPlatforms) = preSolution
		Debug|Any CPU = Debug|Any CPU
		Release|Any CPU = Release|Any CPU
	EndGlobalSection
	GlobalSection(ProjectConfigurationPlatforms) = postSolution
		{5AE25258-1E56-41F8-9E3E-CB3960467931}.Debug|Any CPU.ActiveCfg = Debug|Any CPU
		{5AE25258-1E56-41F8-9E3E-CB3960467931}.Debug|Any CPU.Build.0 = Debug|Any CPU
		{5AE25258-1E56-41F8-9E3E-CB3960467931}.Release|Any CPU.ActiveCfg = Release|Any CPU
		{5AE25258-1E56-41F8-9E3E-CB3960467931}.Release|Any CPU.Build.0 = Release|Any CPU
	EndGlobalSection
	GlobalSection(SolutionProperties) = preSolution
		HideSolutionNode = FALSE
	EndGlobalSection
	GlobalSection(ExtensibilityGlobals) = postSolution
		SolutionGuid = {F9A279A4-3DAE-469C-BC9D-631641884A10}
	EndGlobalSection
EndGlobal
